
Microsoft Visual Studio Solution File, Format Version 12.00
# Visual Studio Version 16
VisualStudioVersion = 16.0.29728.190
MinimumVisualStudioVersion = 10.0.40219.1
Project("{FAE04EC0-301F-11D3-BF4B-00C04F79EFBC}") = "GenC.Web", "GenC.Web\GenC.Web.csproj", "{B42B44C9-ED77-4270-A307-64FB6E45BB33}"
EndProject
Project("{FAE04EC0-301F-11D3-BF4B-00C04F79EFBC}") = "GenC.Entity", "GenC.Entity\GenC.Entity.csproj", "{0EB8B78F-57D4-4610-ACA4-95C81CAE0E2D}"
EndProject
Global
	GlobalSection(SolutionConfigurationPlatforms) = preSolution
		Debug|Any CPU = Debug|Any CPU
		Release|Any CPU = Release|Any CPU
	EndGlobalSection
	GlobalSection(ProjectConfigurationPlatforms) = postSolution
		{B42B44C9-ED77-4270-A307-64FB6E45BB33}.Debug|Any CPU.ActiveCfg = Debug|Any CPU
		{B42B44C9-ED77-4270-A307-64FB6E45BB33}.Debug|Any CPU.Build.0 = Debug|Any CPU
		{B42B44C9-ED77-4270-A307-64FB6E45BB33}.Release|Any CPU.ActiveCfg = Release|Any CPU
		{B42B44C9-ED77-4270-A307-64FB6E45BB33}.Release|Any CPU.Build.0 = Release|Any CPU
		{0EB8B78F-57D4-4610-ACA4-95C81CAE0E2D}.Debug|Any CPU.ActiveCfg = Debug|Any CPU
		{0EB8B78F-57D4-4610-ACA4-95C81CAE0E2D}.Debug|Any CPU.Build.0 = Debug|Any CPU
		{0EB8B78F-57D4-4610-ACA4-95C81CAE0E2D}.Release|Any CPU.ActiveCfg = Release|Any CPU
		{0EB8B78F-57D4-4610-ACA4-95C81CAE0E2D}.Release|Any CPU.Build.0 = Release|Any CPU
	EndGlobalSection
	GlobalSection(SolutionProperties) = preSolution
		HideSolutionNode = FALSE
	EndGlobalSection
	GlobalSection(ExtensibilityGlobals) = postSolution
		SolutionGuid = {DFBC2E2F-113F-4680-8913-03289052735B}
	EndGlobalSection
EndGlobal
